
Microsoft Visual Studio Solution File, Format Version 12.00
# Visual Studio 15
VisualStudioVersion = 15.0.28010.2050
MinimumVisualStudioVersion = 10.0.40219.1
Project("{FAE04EC0-301F-11D3-BF4B-00C04F79EFBC}") = "TestGet", "TestGet\TestGet.csproj", "{536AC717-F2FF-4622-9420-71F16DAAD8FC}"
EndProject
Global
	GlobalSection(SolutionConfigurationPlatforms) = preSolution
		Debug|Any CPU = Debug|Any CPU
		Release|Any CPU = Release|Any CPU
	EndGlobalSection
	GlobalSection(ProjectConfigurationPlatforms) = postSolution
		{536AC717-F2FF-4622-9420-71F16DAAD8FC}.Debug|Any CPU.ActiveCfg = Debug|Any CPU
		{536AC717-F2FF-4622-9420-71F16DAAD8FC}.Debug|Any CPU.Build.0 = Debug|Any CPU
		{536AC717-F2FF-4622-9420-71F16DAAD8FC}.Release|Any CPU.ActiveCfg = Release|Any CPU
		{536AC717-F2FF-4622-9420-71F16DAAD8FC}.Release|Any CPU.Build.0 = Release|Any CPU
	EndGlobalSection
	GlobalSection(SolutionProperties) = preSolution
		HideSolutionNode = FALSE
	EndGlobalSection
	GlobalSection(ExtensibilityGlobals) = postSolution
		SolutionGuid = {D3125B44-0DAA-456A-8D6C-06E74A476888}
	EndGlobalSection
EndGlobal
